
Microsoft Visual Studio Solution File, Format Version 12.00
# Visual Studio Version 16
VisualStudioVersion = 16.0.31424.327
MinimumVisualStudioVersion = 10.0.40219.1
Project("{FAE04EC0-301F-11D3-BF4B-00C04F79EFBC}") = "Tingle.AspNetCore.JsonPatch.NewtonsoftJson", "Tingle.AspNetCore.JsonPatch.NewtonsoftJson\Tingle.AspNetCore.JsonPatch.NewtonsoftJson.csproj", "{82B17C91-B96A-4290-A623-6867912A4C8E}"
EndProject
Global
	GlobalSection(SolutionConfigurationPlatforms) = preSolution
		Debug|Any CPU = Debug|Any CPU
		Release|Any CPU = Release|Any CPU
	EndGlobalSection
	GlobalSection(ProjectConfigurationPlatforms) = postSolution
		{82B17C91-B96A-4290-A623-6867912A4C8E}.Debug|Any CPU.ActiveCfg = Debug|Any CPU
		{82B17C91-B96A-4290-A623-6867912A4C8E}.Debug|Any CPU.Build.0 = Debug|Any CPU
		{82B17C91-B96A-4290-A623-6867912A4C8E}.Release|Any CPU.ActiveCfg = Release|Any CPU
		{82B17C91-B96A-4290-A623-6867912A4C8E}.Release|Any CPU.Build.0 = Release|Any CPU
	EndGlobalSection
	GlobalSection(SolutionProperties) = preSolution
		HideSolutionNode = FALSE
	EndGlobalSection
	GlobalSection(ExtensibilityGlobals) = postSolution
		SolutionGuid = {2146C3AD-FA5F-4772-80C0-4B470424F7FE}
	EndGlobalSection
EndGlobal
