
Microsoft Visual Studio Solution File, Format Version 12.00
# Visual Studio Version 16
VisualStudioVersion = 16.0.31424.327
MinimumVisualStudioVersion = 10.0.40219.1
Project("{2150E333-8FDC-42A3-9474-1A3956D46DE8}") = "src", "src", "{98741A83-6F24-4DC8-AE3E-20BC3FE84F42}"
	ProjectSection(SolutionItems) = preProject
		src\Directory.Build.props = src\Directory.Build.props
	EndProjectSection
EndProject
Project("{9A19103F-16F7-4668-BE54-9A1E7A4F7556}") = "Tingle.AspNetCore.Authorization", "src\Tingle.AspNetCore.Authorization\Tingle.AspNetCore.Authorization.csproj", "{22690754-DCFB-4CD2-968D-239C1952B52C}"
EndProject
Project("{9A19103F-16F7-4668-BE54-9A1E7A4F7556}") = "Tingle.AspNetCore.DataProtection.MongoDB", "src\Tingle.AspNetCore.DataProtection.MongoDB\Tingle.AspNetCore.DataProtection.MongoDB.csproj", "{6F93ED1D-6475-46F2-A7DB-B2A5F9DB5A83}"
EndProject
Project("{9A19103F-16F7-4668-BE54-9A1E7A4F7556}") = "Tingle.AspNetCore.JsonPatch.NewtonsoftJson", "src\Tingle.AspNetCore.JsonPatch.NewtonsoftJson\Tingle.AspNetCore.JsonPatch.NewtonsoftJson.csproj", "{82B17C91-B96A-4290-A623-6867912A4C8E}"
EndProject
Project("{2150E333-8FDC-42A3-9474-1A3956D46DE8}") = "tests", "tests", "{8B59362A-867F-4D1D-ADE3-26534899753E}"
	ProjectSection(SolutionItems) = preProject
		tests\Directory.Build.props = tests\Directory.Build.props
	EndProjectSection
EndProject
Project("{9A19103F-16F7-4668-BE54-9A1E7A4F7556}") = "Tingle.AspNetCore.Authorization.Tests", "tests\Tingle.AspNetCore.Authorization.Tests\Tingle.AspNetCore.Authorization.Tests.csproj", "{E67CB6B9-6F42-4E63-9603-810B5B9FBF57}"
EndProject
Project("{9A19103F-16F7-4668-BE54-9A1E7A4F7556}") = "Tingle.AspNetCore.DataProtection.MongoDB.Tests", "tests\Tingle.AspNetCore.DataProtection.MongoDB.Tests\Tingle.AspNetCore.DataProtection.MongoDB.Tests.csproj", "{E28F4E8D-148B-4583-A27D-E1DA2CC08167}"
EndProject
Project("{9A19103F-16F7-4668-BE54-9A1E7A4F7556}") = "Tingle.AspNetCore.JsonPatch.NewtonsoftJson.Tests", "tests\Tingle.AspNetCore.JsonPatch.NewtonsoftJson.Tests\Tingle.AspNetCore.JsonPatch.NewtonsoftJson.Tests.csproj", "{55B3650C-36C6-4C05-B6A2-B4CBC3DC3E4C}"
EndProject
Project("{2150E333-8FDC-42A3-9474-1A3956D46DE8}") = "samples", "samples", "{F6E70E14-7838-4E57-A32C-70E108CE2F2A}"
	ProjectSection(SolutionItems) = preProject
		samples\Directory.Build.props = samples\Directory.Build.props
	EndProjectSection
EndProject
Project("{9A19103F-16F7-4668-BE54-9A1E7A4F7556}") = "AuthorizationSample", "samples\AuthorizationSample\AuthorizationSample.csproj", "{B97964EC-658A-4205-AA5A-BB814B191C35}"
EndProject
Project("{9A19103F-16F7-4668-BE54-9A1E7A4F7556}") = "DataProtectionMongoDBSample", "samples\DataProtectionMongoDBSample\DataProtectionMongoDBSample.csproj", "{ACED6271-2F75-4E3B-BB79-9D40B74D6A51}"
EndProject
Global
	GlobalSection(SolutionConfigurationPlatforms) = preSolution
		Debug|Any CPU = Debug|Any CPU
		Release|Any CPU = Release|Any CPU
	EndGlobalSection
	GlobalSection(ProjectConfigurationPlatforms) = postSolution
		{22690754-DCFB-4CD2-968D-239C1952B52C}.Debug|Any CPU.ActiveCfg = Debug|Any CPU
		{22690754-DCFB-4CD2-968D-239C1952B52C}.Debug|Any CPU.Build.0 = Debug|Any CPU
		{22690754-DCFB-4CD2-968D-239C1952B52C}.Release|Any CPU.ActiveCfg = Release|Any CPU
		{22690754-DCFB-4CD2-968D-239C1952B52C}.Release|Any CPU.Build.0 = Release|Any CPU
		{6F93ED1D-6475-46F2-A7DB-B2A5F9DB5A83}.Debug|Any CPU.ActiveCfg = Debug|Any CPU
		{6F93ED1D-6475-46F2-A7DB-B2A5F9DB5A83}.Debug|Any CPU.Build.0 = Debug|Any CPU
		{6F93ED1D-6475-46F2-A7DB-B2A5F9DB5A83}.Release|Any CPU.ActiveCfg = Release|Any CPU
		{6F93ED1D-6475-46F2-A7DB-B2A5F9DB5A83}.Release|Any CPU.Build.0 = Release|Any CPU
		{82B17C91-B96A-4290-A623-6867912A4C8E}.Debug|Any CPU.ActiveCfg = Debug|Any CPU
		{82B17C91-B96A-4290-A623-6867912A4C8E}.Debug|Any CPU.Build.0 = Debug|Any CPU
		{82B17C91-B96A-4290-A623-6867912A4C8E}.Release|Any CPU.ActiveCfg = Release|Any CPU
		{82B17C91-B96A-4290-A623-6867912A4C8E}.Release|Any CPU.Build.0 = Release|Any CPU
		{E67CB6B9-6F42-4E63-9603-810B5B9FBF57}.Debug|Any CPU.ActiveCfg = Debug|Any CPU
		{E67CB6B9-6F42-4E63-9603-810B5B9FBF57}.Debug|Any CPU.Build.0 = Debug|Any CPU
		{E67CB6B9-6F42-4E63-9603-810B5B9FBF57}.Release|Any CPU.ActiveCfg = Release|Any CPU
		{E67CB6B9-6F42-4E63-9603-810B5B9FBF57}.Release|Any CPU.Build.0 = Release|Any CPU
		{E28F4E8D-148B-4583-A27D-E1DA2CC08167}.Debug|Any CPU.ActiveCfg = Debug|Any CPU
		{E28F4E8D-148B-4583-A27D-E1DA2CC08167}.Debug|Any CPU.Build.0 = Debug|Any CPU
		{E28F4E8D-148B-4583-A27D-E1DA2CC08167}.Release|Any CPU.ActiveCfg = Release|Any CPU
		{E28F4E8D-148B-4583-A27D-E1DA2CC08167}.Release|Any CPU.Build.0 = Release|Any CPU
		{55B3650C-36C6-4C05-B6A2-B4CBC3DC3E4C}.Debug|Any CPU.ActiveCfg = Debug|Any CPU
		{55B3650C-36C6-4C05-B6A2-B4CBC3DC3E4C}.Debug|Any CPU.Build.0 = Debug|Any CPU
		{55B3650C-36C6-4C05-B6A2-B4CBC3DC3E4C}.Release|Any CPU.ActiveCfg = Release|Any CPU
		{55B3650C-36C6-4C05-B6A2-B4CBC3DC3E4C}.Release|Any CPU.Build.0 = Release|Any CPU
		{B97964EC-658A-4205-AA5A-BB814B191C35}.Debug|Any CPU.ActiveCfg = Debug|Any CPU
		{B97964EC-658A-4205-AA5A-BB814B191C35}.Debug|Any CPU.Build.0 = Debug|Any CPU
		{B97964EC-658A-4205-AA5A-BB814B191C35}.Release|Any CPU.ActiveCfg = Release|Any CPU
		{B97964EC-658A-4205-AA5A-BB814B191C35}.Release|Any CPU.Build.0 = Release|Any CPU
		{ACED6271-2F75-4E3B-BB79-9D40B74D6A51}.Debug|Any CPU.ActiveCfg = Debug|Any CPU
		{ACED6271-2F75-4E3B-BB79-9D40B74D6A51}.Debug|Any CPU.Build.0 = Debug|Any CPU
		{ACED6271-2F75-4E3B-BB79-9D40B74D6A51}.Release|Any CPU.ActiveCfg = Release|Any CPU
		{ACED6271-2F75-4E3B-BB79-9D40B74D6A51}.Release|Any CPU.Build.0 = Release|Any CPU
	EndGlobalSection
	GlobalSection(SolutionProperties) = preSolution
		HideSolutionNode = FALSE
	EndGlobalSection
	GlobalSection(NestedProjects) = preSolution
		{22690754-DCFB-4CD2-968D-239C1952B52C} = {98741A83-6F24-4DC8-AE3E-20BC3FE84F42}
		{6F93ED1D-6475-46F2-A7DB-B2A5F9DB5A83} = {98741A83-6F24-4DC8-AE3E-20BC3FE84F42}
		{82B17C91-B96A-4290-A623-6867912A4C8E} = {98741A83-6F24-4DC8-AE3E-20BC3FE84F42}
		{E67CB6B9-6F42-4E63-9603-810B5B9FBF57} = {8B59362A-867F-4D1D-ADE3-26534899753E}
		{E28F4E8D-148B-4583-A27D-E1DA2CC08167} = {8B59362A-867F-4D1D-ADE3-26534899753E}
		{55B3650C-36C6-4C05-B6A2-B4CBC3DC3E4C} = {8B59362A-867F-4D1D-ADE3-26534899753E}
		{B97964EC-658A-4205-AA5A-BB814B191C35} = {F6E70E14-7838-4E57-A32C-70E108CE2F2A}
		{ACED6271-2F75-4E3B-BB79-9D40B74D6A51} = {F6E70E14-7838-4E57-A32C-70E108CE2F2A}
	EndGlobalSection
	GlobalSection(ExtensibilityGlobals) = postSolution
		SolutionGuid = {2146C3AD-FA5F-4772-80C0-4B470424F7FE}
	EndGlobalSection
EndGlobal
